
Microsoft Visual Studio Solution File, Format Version 12.00
# Visual Studio Version 17
VisualStudioVersion = 17.7.34003.232
MinimumVisualStudioVersion = 10.0.40219.1
Project("{9A19103F-16F7-4668-BE54-9A1E7A4F7556}") = "DIExample", "DIExample\DIExample.csproj", "{51B9DFD7-B6BA-49D7-954D-BC429951FCD2}"
EndProject
Project("{9A19103F-16F7-4668-BE54-9A1E7A4F7556}") = "Services", "Services\Services.csproj", "{499EF988-051D-4B05-A459-C6449B9A1686}"
EndProject
Project("{FAE04EC0-301F-11D3-BF4B-00C04F79EFBC}") = "ServiceContracts", "ServiceContracts\ServiceContracts.csproj", "{6CE27519-5808-4AED-BDDB-F788EECC5EDC}"
EndProject
Global
	GlobalSection(SolutionConfigurationPlatforms) = preSolution
		Debug|Any CPU = Debug|Any CPU
		Release|Any CPU = Release|Any CPU
	EndGlobalSection
	GlobalSection(ProjectConfigurationPlatforms) = postSolution
		{51B9DFD7-B6BA-49D7-954D-BC429951FCD2}.Debug|Any CPU.ActiveCfg = Debug|Any CPU
		{51B9DFD7-B6BA-49D7-954D-BC429951FCD2}.Debug|Any CPU.Build.0 = Debug|Any CPU
		{51B9DFD7-B6BA-49D7-954D-BC429951FCD2}.Release|Any CPU.ActiveCfg = Release|Any CPU
		{51B9DFD7-B6BA-49D7-954D-BC429951FCD2}.Release|Any CPU.Build.0 = Release|Any CPU
		{499EF988-051D-4B05-A459-C6449B9A1686}.Debug|Any CPU.ActiveCfg = Debug|Any CPU
		{499EF988-051D-4B05-A459-C6449B9A1686}.Debug|Any CPU.Build.0 = Debug|Any CPU
		{499EF988-051D-4B05-A459-C6449B9A1686}.Release|Any CPU.ActiveCfg = Release|Any CPU
		{499EF988-051D-4B05-A459-C6449B9A1686}.Release|Any CPU.Build.0 = Release|Any CPU
		{6CE27519-5808-4AED-BDDB-F788EECC5EDC}.Debug|Any CPU.ActiveCfg = Debug|Any CPU
		{6CE27519-5808-4AED-BDDB-F788EECC5EDC}.Debug|Any CPU.Build.0 = Debug|Any CPU
		{6CE27519-5808-4AED-BDDB-F788EECC5EDC}.Release|Any CPU.ActiveCfg = Release|Any CPU
		{6CE27519-5808-4AED-BDDB-F788EECC5EDC}.Release|Any CPU.Build.0 = Release|Any CPU
	EndGlobalSection
	GlobalSection(SolutionProperties) = preSolution
		HideSolutionNode = FALSE
	EndGlobalSection
	GlobalSection(ExtensibilityGlobals) = postSolution
		SolutionGuid = {AD30B642-9417-4FA8-A50C-A043A70C306A}
	EndGlobalSection
EndGlobal
